
Microsoft Visual Studio Solution File, Format Version 12.00
# Visual Studio 15
VisualStudioVersion = 15.0.34112.143
MinimumVisualStudioVersion = 10.0.40219.1
Project("{FAE04EC0-301F-11D3-BF4B-00C04F79EFBC}") = "01_MainSubjects", "01_MainSubjects.csproj", "{51EB3DDE-0DDF-4935-AA76-CEE3AB84E6A0}"
EndProject
Global
	GlobalSection(SolutionConfigurationPlatforms) = preSolution
		Debug|Any CPU = Debug|Any CPU
		Release|Any CPU = Release|Any CPU
	EndGlobalSection
	GlobalSection(ProjectConfigurationPlatforms) = postSolution
		{51EB3DDE-0DDF-4935-AA76-CEE3AB84E6A0}.Debug|Any CPU.ActiveCfg = Debug|Any CPU
		{51EB3DDE-0DDF-4935-AA76-CEE3AB84E6A0}.Debug|Any CPU.Build.0 = Debug|Any CPU
		{51EB3DDE-0DDF-4935-AA76-CEE3AB84E6A0}.Release|Any CPU.ActiveCfg = Release|Any CPU
		{51EB3DDE-0DDF-4935-AA76-CEE3AB84E6A0}.Release|Any CPU.Build.0 = Release|Any CPU
	EndGlobalSection
	GlobalSection(SolutionProperties) = preSolution
		HideSolutionNode = FALSE
	EndGlobalSection
	GlobalSection(ExtensibilityGlobals) = postSolution
		SolutionGuid = {E9859628-4C4A-4451-AE95-59CD51ABABA6}
	EndGlobalSection
EndGlobal
